
Microsoft Visual Studio Solution File, Format Version 12.00
# Visual Studio Version 17
VisualStudioVersion = 17.8.34330.188
MinimumVisualStudioVersion = 10.0.40219.1
Project("{FAE04EC0-301F-11D3-BF4B-00C04F79EFBC}") = "c#-huffman-encoding", "c#-huffman-encoding.csproj", "{DCFFD697-2338-4B99-B915-5AC98E4E0859}"
EndProject
Global
	GlobalSection(SolutionConfigurationPlatforms) = preSolution
		Debug|Any CPU = Debug|Any CPU
		Release|Any CPU = Release|Any CPU
	EndGlobalSection
	GlobalSection(ProjectConfigurationPlatforms) = postSolution
		{DCFFD697-2338-4B99-B915-5AC98E4E0859}.Debug|Any CPU.ActiveCfg = Debug|Any CPU
		{DCFFD697-2338-4B99-B915-5AC98E4E0859}.Debug|Any CPU.Build.0 = Debug|Any CPU
		{DCFFD697-2338-4B99-B915-5AC98E4E0859}.Release|Any CPU.ActiveCfg = Release|Any CPU
		{DCFFD697-2338-4B99-B915-5AC98E4E0859}.Release|Any CPU.Build.0 = Release|Any CPU
	EndGlobalSection
	GlobalSection(SolutionProperties) = preSolution
		HideSolutionNode = FALSE
	EndGlobalSection
	GlobalSection(ExtensibilityGlobals) = postSolution
		SolutionGuid = {EC730602-901A-4DEC-B926-B25926AA65EF}
	EndGlobalSection
EndGlobal
